{
  "originHash" : "376b814c9081e82bf9aec9f08a59083ff46df390d869093458c7d98dbcbbaffb",
  "pins" : [
    {
      "identity" : "swift-docc-plugin",
      "kind" : "remoteSourceControl",
      "location" : "https://github.com/apple/swift-docc-plugin",
      "state" : {
        "revision" : "26ac5758409154cc448d7ab82389c520fa8a8247",
        "version" : "1.3.0"
      }
    },
    {
      "identity" : "swift-docc-symbolkit",
      "kind" : "remoteSourceControl",
      "location" : "https://github.com/apple/swift-docc-symbolkit",
      "state" : {
        "revision" : "b45d1f2ed151d057b54504d653e0da5552844e34",
        "version" : "1.0.0"
      }
    },
    {
      "identity" : "swift-syntax",
      "kind" : "remoteSourceControl",
      "location" : "https://github.com/apple/swift-syntax.git",
      "state" : {
        "revision" : "f99ae8aa18f0cf0d53481901f88a0991dc3bd4a2",
        "version" : "601.0.1"
      }
    },
    {
      "identity" : "swiftkeccak",
      "kind" : "remoteSourceControl",
      "location" : "https://github.com/hayesgm/SwiftKeccak.git",
      "state" : {
        "revision" : "98a9d4a037dd62283977d5e0ef7d11c5612ff813"
      }
    },
    {
      "identity" : "swiftnumber",
      "kind" : "remoteSourceControl",
      "location" : "https://github.com/legend-hq/SwiftNumber",
      "state" : {
        "revision" : "13da63cad880c615e92ea0fe0b4319b83411156c"
      }
    }
  ],
  "version" : 3
}
